github.com/louistam888/bnk v0.0.0-20250928204002-8d2d63526775 h1:t8fw+2xLUUeSIPOWVMNkVn1CUBlRs1fEtYgX1JMukZg=
github.com/louistam888/bnk v0.0.0-20250928204002-8d2d63526775/go.mod h1:Ls9zN1UX7VWLxz9Rd2gwXFyojgeDxEmGmugTDkyMMu4=
github.com/louistam888/bnk v1.0.0 h1:vUK+jaD0XDWud7bOIE1D2yiHMaORFTzFNtrMuFrem7k=
github.com/louistam888/bnk v1.0.0/go.mod h1:Ls9zN1UX7VWLxz9Rd2gwXFyojgeDxEmGmugTDkyMMu4=
